// !$*UTF8*$!
{
	archiveVersion = 1;
	classes = {
	};
	objectVersion = 56;
	objects = {

/* Begin PBXBuildFile section */
		2B080BB32AC0A01100BC89E3 /* BarView.swift in Sources */ = {isa = PBXBuildFile; fileRef = 2B080BB22AC0A01100BC89E3 /* BarView.swift */; };
		2B08DC822C78F4EF003F49D0 /* DataManager.swift in Sources */ = {isa = PBXBuildFile; fileRef = 2B08DC812C78F4EF003F49D0 /* DataManager.swift */; };
		2B08DC842C78FD03003F49D0 /* NetworkManager.swift in Sources */ = {isa = PBXBuildFile; fileRef = 2B08DC832C78FD03003F49D0 /* NetworkManager.swift */; };
		2B5EC08D2AA34EC900305D14 /* AppDelegate.swift in Sources */ = {isa = PBXBuildFile; fileRef = 2B5EC08C2AA34EC900305D14 /* AppDelegate.swift */; };
		2B5EC08F2AA34EC900305D14 /* SceneDelegate.swift in Sources */ = {isa = PBXBuildFile; fileRef = 2B5EC08E2AA34EC900305D14 /* SceneDelegate.swift */; };
		2B5EC0912AA34EC900305D14 /* TabBarController.swift in Sources */ = {isa = PBXBuildFile; fileRef = 2B5EC0902AA34EC900305D14 /* TabBarController.swift */; };
		2B5EC0962AA34ECA00305D14 /* Assets.xcassets in Resources */ = {isa = PBXBuildFile; fileRef = 2B5EC0952AA34ECA00305D14 /* Assets.xcassets */; };
		2B5EC0992AA34ECA00305D14 /* LaunchScreen.storyboard in Resources */ = {isa = PBXBuildFile; fileRef = 2B5EC0972AA34ECA00305D14 /* LaunchScreen.storyboard */; };
		2B5EC0A32AA3587500305D14 /* MainViewController.swift in Sources */ = {isa = PBXBuildFile; fileRef = 2B5EC0A22AA3587500305D14 /* MainViewController.swift */; };
		2B5EC0A72AA359E700305D14 /* TransactionsTableViewController.swift in Sources */ = {isa = PBXBuildFile; fileRef = 2B5EC0A62AA359E700305D14 /* TransactionsTableViewController.swift */; };
		2B5EC0A92AA3608B00305D14 /* Transaction.swift in Sources */ = {isa = PBXBuildFile; fileRef = 2B5EC0A82AA3608B00305D14 /* Transaction.swift */; };
		2B5EC0AD2AA37A4F00305D14 /* TransactionCell.swift in Sources */ = {isa = PBXBuildFile; fileRef = 2B5EC0AC2AA37A4F00305D14 /* TransactionCell.swift */; };
		2B6A16C12C8DD21000464C03 /* NBPResponse.swift in Sources */ = {isa = PBXBuildFile; fileRef = 2B6A16C02C8DD21000464C03 /* NBPResponse.swift */; };
		2B6AABB22C7F744A006B968A /* CustomButton.swift in Sources */ = {isa = PBXBuildFile; fileRef = 2B6AABB12C7F744A006B968A /* CustomButton.swift */; };
		2B8541592AA507EF00ADECEB /* NewTransactionViewController.swift in Sources */ = {isa = PBXBuildFile; fileRef = 2B8541582AA507EF00ADECEB /* NewTransactionViewController.swift */; };
		2B85415B2AA545DE00ADECEB /* NotesTextField.swift in Sources */ = {isa = PBXBuildFile; fileRef = 2B85415A2AA545DE00ADECEB /* NotesTextField.swift */; };
		2BC96F2B2AAB761D001D7042 /* CategoryViewCell.swift in Sources */ = {isa = PBXBuildFile; fileRef = 2BC96F2A2AAB761D001D7042 /* CategoryViewCell.swift */; };
		2BC96F2D2AAB7652001D7042 /* TableOfCategoriesViewController.swift in Sources */ = {isa = PBXBuildFile; fileRef = 2BC96F2C2AAB7652001D7042 /* TableOfCategoriesViewController.swift */; };
/* End PBXBuildFile section */

/* Begin PBXFileReference section */
		2B080BB22AC0A01100BC89E3 /* BarView.swift */ = {isa = PBXFileReference; lastKnownFileType = sourcecode.swift; path = BarView.swift; sourceTree = "<group>"; };
		2B08DC812C78F4EF003F49D0 /* DataManager.swift */ = {isa = PBXFileReference; lastKnownFileType = sourcecode.swift; path = DataManager.swift; sourceTree = "<group>"; };
		2B08DC832C78FD03003F49D0 /* NetworkManager.swift */ = {isa = PBXFileReference; lastKnownFileType = sourcecode.swift; path = NetworkManager.swift; sourceTree = "<group>"; };
		2B5EC0892AA34EC900305D14 /* Wallet App.app */ = {isa = PBXFileReference; explicitFileType = wrapper.application; includeInIndex = 0; path = "Wallet App.app"; sourceTree = BUILT_PRODUCTS_DIR; };
		2B5EC08C2AA34EC900305D14 /* AppDelegate.swift */ = {isa = PBXFileReference; lastKnownFileType = sourcecode.swift; path = AppDelegate.swift; sourceTree = "<group>"; };
		2B5EC08E2AA34EC900305D14 /* SceneDelegate.swift */ = {isa = PBXFileReference; lastKnownFileType = sourcecode.swift; path = SceneDelegate.swift; sourceTree = "<group>"; };
		2B5EC0902AA34EC900305D14 /* TabBarController.swift */ = {isa = PBXFileReference; lastKnownFileType = sourcecode.swift; path = TabBarController.swift; sourceTree = "<group>"; };
		2B5EC0952AA34ECA00305D14 /* Assets.xcassets */ = {isa = PBXFileReference; lastKnownFileType = folder.assetcatalog; path = Assets.xcassets; sourceTree = "<group>"; };
		2B5EC0982AA34ECA00305D14 /* Base */ = {isa = PBXFileReference; lastKnownFileType = file.storyboard; name = Base; path = Base.lproj/LaunchScreen.storyboard; sourceTree = "<group>"; };
		2B5EC09A2AA34ECA00305D14 /* Info.plist */ = {isa = PBXFileReference; lastKnownFileType = text.plist.xml; path = Info.plist; sourceTree = "<group>"; };
		2B5EC0A22AA3587500305D14 /* MainViewController.swift */ = {isa = PBXFileReference; lastKnownFileType = sourcecode.swift; path = MainViewController.swift; sourceTree = "<group>"; };
		2B5EC0A62AA359E700305D14 /* TransactionsTableViewController.swift */ = {isa = PBXFileReference; lastKnownFileType = sourcecode.swift; path = TransactionsTableViewController.swift; sourceTree = "<group>"; };
		2B5EC0A82AA3608B00305D14 /* Transaction.swift */ = {isa = PBXFileReference; lastKnownFileType = sourcecode.swift; path = Transaction.swift; sourceTree = "<group>"; };
		2B5EC0AC2AA37A4F00305D14 /* TransactionCell.swift */ = {isa = PBXFileReference; lastKnownFileType = sourcecode.swift; path = TransactionCell.swift; sourceTree = "<group>"; };
		2B6A16C02C8DD21000464C03 /* NBPResponse.swift */ = {isa = PBXFileReference; lastKnownFileType = sourcecode.swift; path = NBPResponse.swift; sourceTree = "<group>"; };
		2B6AABB12C7F744A006B968A /* CustomButton.swift */ = {isa = PBXFileReference; lastKnownFileType = sourcecode.swift; path = CustomButton.swift; sourceTree = "<group>"; };
		2B8541582AA507EF00ADECEB /* NewTransactionViewController.swift */ = {isa = PBXFileReference; lastKnownFileType = sourcecode.swift; path = NewTransactionViewController.swift; sourceTree = "<group>"; };
		2B85415A2AA545DE00ADECEB /* NotesTextField.swift */ = {isa = PBXFileReference; lastKnownFileType = sourcecode.swift; path = NotesTextField.swift; sourceTree = "<group>"; };
		2BC96F2A2AAB761D001D7042 /* CategoryViewCell.swift */ = {isa = PBXFileReference; lastKnownFileType = sourcecode.swift; path = CategoryViewCell.swift; sourceTree = "<group>"; };
		2BC96F2C2AAB7652001D7042 /* TableOfCategoriesViewController.swift */ = {isa = PBXFileReference; lastKnownFileType = sourcecode.swift; path = TableOfCategoriesViewController.swift; sourceTree = "<group>"; };
/* End PBXFileReference section */

/* Begin PBXFrameworksBuildPhase section */
		2B5EC0862AA34EC900305D14 /* Frameworks */ = {
			isa = PBXFrameworksBuildPhase;
			buildActionMask = 2147483647;
			files = (
			);
			runOnlyForDeploymentPostprocessing = 0;
		};
/* End PBXFrameworksBuildPhase section */

/* Begin PBXGroup section */
		2B00FAAB2ABCFB6B001D7E1E /* Resources */ = {
			isa = PBXGroup;
			children = (
				2B5EC0952AA34ECA00305D14 /* Assets.xcassets */,
				2B5EC0972AA34ECA00305D14 /* LaunchScreen.storyboard */,
				2B5EC09A2AA34ECA00305D14 /* Info.plist */,
			);
			path = Resources;
			sourceTree = "<group>";
		};
		2B00FAAD2ABCFEA7001D7E1E /* NewTransaction */ = {
			isa = PBXGroup;
			children = (
				2B8541582AA507EF00ADECEB /* NewTransactionViewController.swift */,
				2BC96F2C2AAB7652001D7042 /* TableOfCategoriesViewController.swift */,
				2BC96F2A2AAB761D001D7042 /* CategoryViewCell.swift */,
				2B85415A2AA545DE00ADECEB /* NotesTextField.swift */,
				2B6AABB12C7F744A006B968A /* CustomButton.swift */,
			);
			path = NewTransaction;
			sourceTree = "<group>";
		};
		2B03B9762C947CED00DF48C1 /* Modules */ = {
			isa = PBXGroup;
			children = (
				2BCCEF412C3B63D200E24A57 /* MainView */,
				2B00FAAD2ABCFEA7001D7E1E /* NewTransaction */,
				2BCCEF462C3B645100E24A57 /* TransactionsList */,
			);
			path = Modules;
			sourceTree = "<group>";
		};
		2B08DC852C78FD14003F49D0 /* Managers */ = {
			isa = PBXGroup;
			children = (
				2B08DC832C78FD03003F49D0 /* NetworkManager.swift */,
				2B08DC812C78F4EF003F49D0 /* DataManager.swift */,
			);
			path = Managers;
			sourceTree = "<group>";
		};
		2B5EC0802AA34EC900305D14 = {
			isa = PBXGroup;
			children = (
				2B5EC08B2AA34EC900305D14 /* Wallet App */,
				2B5EC08A2AA34EC900305D14 /* Products */,
			);
			sourceTree = "<group>";
		};
		2B5EC08A2AA34EC900305D14 /* Products */ = {
			isa = PBXGroup;
			children = (
				2B5EC0892AA34EC900305D14 /* Wallet App.app */,
			);
			name = Products;
			sourceTree = "<group>";
		};
		2B5EC08B2AA34EC900305D14 /* Wallet App */ = {
			isa = PBXGroup;
			children = (
				2BCCEF472C3B646A00E24A57 /* Application */,
				2B03B9762C947CED00DF48C1 /* Modules */,
				2B08DC852C78FD14003F49D0 /* Managers */,
				2B6A16C22C8E154700464C03 /* Models */,
				2B00FAAB2ABCFB6B001D7E1E /* Resources */,
			);
			path = "Wallet App";
			sourceTree = "<group>";
		};
		2B6A16C22C8E154700464C03 /* Models */ = {
			isa = PBXGroup;
			children = (
				2B5EC0A82AA3608B00305D14 /* Transaction.swift */,
				2B6A16C02C8DD21000464C03 /* NBPResponse.swift */,
			);
			path = Models;
			sourceTree = "<group>";
		};
		2BCCEF412C3B63D200E24A57 /* MainView */ = {
			isa = PBXGroup;
			children = (
				2B5EC0A22AA3587500305D14 /* MainViewController.swift */,
				2B080BB22AC0A01100BC89E3 /* BarView.swift */,
			);
			path = MainView;
			sourceTree = "<group>";
		};
		2BCCEF462C3B645100E24A57 /* TransactionsList */ = {
			isa = PBXGroup;
			children = (
				2B5EC0A62AA359E700305D14 /* TransactionsTableViewController.swift */,
				2B5EC0AC2AA37A4F00305D14 /* TransactionCell.swift */,
			);
			path = TransactionsList;
			sourceTree = "<group>";
		};
		2BCCEF472C3B646A00E24A57 /* Application */ = {
			isa = PBXGroup;
			children = (
				2B5EC0902AA34EC900305D14 /* TabBarController.swift */,
				2B5EC08C2AA34EC900305D14 /* AppDelegate.swift */,
				2B5EC08E2AA34EC900305D14 /* SceneDelegate.swift */,
			);
			path = Application;
			sourceTree = "<group>";
		};
/* End PBXGroup section */

/* Begin PBXNativeTarget section */
		2B5EC0882AA34EC900305D14 /* Wallet App */ = {
			isa = PBXNativeTarget;
			buildConfigurationList = 2B5EC09D2AA34ECA00305D14 /* Build configuration list for PBXNativeTarget "Wallet App" */;
			buildPhases = (
				2B5EC0852AA34EC900305D14 /* Sources */,
				2B5EC0862AA34EC900305D14 /* Frameworks */,
				2B5EC0872AA34EC900305D14 /* Resources */,
			);
			buildRules = (
			);
			dependencies = (
			);
			name = "Wallet App";
			productName = "Wallet App";
			productReference = 2B5EC0892AA34EC900305D14 /* Wallet App.app */;
			productType = "com.apple.product-type.application";
		};
/* End PBXNativeTarget section */

/* Begin PBXProject section */
		2B5EC0812AA34EC900305D14 /* Project object */ = {
			isa = PBXProject;
			attributes = {
				BuildIndependentTargetsInParallel = 1;
				LastSwiftUpdateCheck = 1430;
				LastUpgradeCheck = 1430;
				TargetAttributes = {
					2B5EC0882AA34EC900305D14 = {
						CreatedOnToolsVersion = 14.3;
					};
				};
			};
			buildConfigurationList = 2B5EC0842AA34EC900305D14 /* Build configuration list for PBXProject "Wallet App" */;
			compatibilityVersion = "Xcode 14.0";
			developmentRegion = en;
			hasScannedForEncodings = 0;
			knownRegions = (
				en,
				Base,
			);
			mainGroup = 2B5EC0802AA34EC900305D14;
			productRefGroup = 2B5EC08A2AA34EC900305D14 /* Products */;
			projectDirPath = "";
			projectRoot = "";
			targets = (
				2B5EC0882AA34EC900305D14 /* Wallet App */,
			);
		};
/* End PBXProject section */

/* Begin PBXResourcesBuildPhase section */
		2B5EC0872AA34EC900305D14 /* Resources */ = {
			isa = PBXResourcesBuildPhase;
			buildActionMask = 2147483647;
			files = (
				2B5EC0992AA34ECA00305D14 /* LaunchScreen.storyboard in Resources */,
				2B5EC0962AA34ECA00305D14 /* Assets.xcassets in Resources */,
			);
			runOnlyForDeploymentPostprocessing = 0;
		};
/* End PBXResourcesBuildPhase section */

/* Begin PBXSourcesBuildPhase section */
		2B5EC0852AA34EC900305D14 /* Sources */ = {
			isa = PBXSourcesBuildPhase;
			buildActionMask = 2147483647;
			files = (
				2B5EC0912AA34EC900305D14 /* TabBarController.swift in Sources */,
				2B5EC0A72AA359E700305D14 /* TransactionsTableViewController.swift in Sources */,
				2B5EC0A92AA3608B00305D14 /* Transaction.swift in Sources */,
				2B08DC822C78F4EF003F49D0 /* DataManager.swift in Sources */,
				2B5EC08D2AA34EC900305D14 /* AppDelegate.swift in Sources */,
				2BC96F2B2AAB761D001D7042 /* CategoryViewCell.swift in Sources */,
				2B6AABB22C7F744A006B968A /* CustomButton.swift in Sources */,
				2B080BB32AC0A01100BC89E3 /* BarView.swift in Sources */,
				2B6A16C12C8DD21000464C03 /* NBPResponse.swift in Sources */,
				2B8541592AA507EF00ADECEB /* NewTransactionViewController.swift in Sources */,
				2B5EC08F2AA34EC900305D14 /* SceneDelegate.swift in Sources */,
				2B85415B2AA545DE00ADECEB /* NotesTextField.swift in Sources */,
				2B5EC0AD2AA37A4F00305D14 /* TransactionCell.swift in Sources */,
				2B08DC842C78FD03003F49D0 /* NetworkManager.swift in Sources */,
				2B5EC0A32AA3587500305D14 /* MainViewController.swift in Sources */,
				2BC96F2D2AAB7652001D7042 /* TableOfCategoriesViewController.swift in Sources */,
			);
			runOnlyForDeploymentPostprocessing = 0;
		};
/* End PBXSourcesBuildPhase section */

/* Begin PBXVariantGroup section */
		2B5EC0972AA34ECA00305D14 /* LaunchScreen.storyboard */ = {
			isa = PBXVariantGroup;
			children = (
				2B5EC0982AA34ECA00305D14 /* Base */,
			);
			name = LaunchScreen.storyboard;
			sourceTree = "<group>";
		};
/* End PBXVariantGroup section */

/* Begin XCBuildConfiguration section */
		2B5EC09B2AA34ECA00305D14 /* Debug */ = {
			isa = XCBuildConfiguration;
			buildSettings = {
				ALWAYS_SEARCH_USER_PATHS = NO;
				CLANG_ANALYZER_NONNULL = YES;
				CLANG_ANALYZER_NUMBER_OBJECT_CONVERSION = YES_AGGRESSIVE;
				CLANG_CXX_LANGUAGE_STANDARD = "gnu++20";
				CLANG_ENABLE_MODULES = YES;
				CLANG_ENABLE_OBJC_ARC = YES;
				CLANG_ENABLE_OBJC_WEAK = YES;
				CLANG_WARN_BLOCK_CAPTURE_AUTORELEASING = YES;
				CLANG_WARN_BOOL_CONVERSION = YES;
				CLANG_WARN_COMMA = YES;
				CLANG_WARN_CONSTANT_CONVERSION = YES;
				CLANG_WARN_DEPRECATED_OBJC_IMPLEMENTATIONS = YES;
				CLANG_WARN_DIRECT_OBJC_ISA_USAGE = YES_ERROR;
				CLANG_WARN_DOCUMENTATION_COMMENTS = YES;
				CLANG_WARN_EMPTY_BODY = YES;
				CLANG_WARN_ENUM_CONVERSION = YES;
				CLANG_WARN_INFINITE_RECURSION = YES;
				CLANG_WARN_INT_CONVERSION = YES;
				CLANG_WARN_NON_LITERAL_NULL_CONVERSION = YES;
				CLANG_WARN_OBJC_IMPLICIT_RETAIN_SELF = YES;
				CLANG_WARN_OBJC_LITERAL_CONVERSION = YES;
				CLANG_WARN_OBJC_ROOT_CLASS = YES_ERROR;
				CLANG_WARN_QUOTED_INCLUDE_IN_FRAMEWORK_HEADER = YES;
				CLANG_WARN_RANGE_LOOP_ANALYSIS = YES;
				CLANG_WARN_STRICT_PROTOTYPES = YES;
				CLANG_WARN_SUSPICIOUS_MOVE = YES;
				CLANG_WARN_UNGUARDED_AVAILABILITY = YES_AGGRESSIVE;
				CLANG_WARN_UNREACHABLE_CODE = YES;
				CLANG_WARN__DUPLICATE_METHOD_MATCH = YES;
				COPY_PHASE_STRIP = NO;
				DEBUG_INFORMATION_FORMAT = dwarf;
				ENABLE_STRICT_OBJC_MSGSEND = YES;
				ENABLE_TESTABILITY = YES;
				GCC_C_LANGUAGE_STANDARD = gnu11;
				GCC_DYNAMIC_NO_PIC = NO;
				GCC_NO_COMMON_BLOCKS = YES;
				GCC_OPTIMIZATION_LEVEL = 0;
				GCC_PREPROCESSOR_DEFINITIONS = (
					"DEBUG=1",
					"$(inherited)",
				);
				GCC_WARN_64_TO_32_BIT_CONVERSION = YES;
				GCC_WARN_ABOUT_RETURN_TYPE = YES_ERROR;
				GCC_WARN_UNDECLARED_SELECTOR = YES;
				GCC_WARN_UNINITIALIZED_AUTOS = YES_AGGRESSIVE;
				GCC_WARN_UNUSED_FUNCTION = YES;
				GCC_WARN_UNUSED_VARIABLE = YES;
				IPHONEOS_DEPLOYMENT_TARGET = 16.4;
				MTL_ENABLE_DEBUG_INFO = INCLUDE_SOURCE;
				MTL_FAST_MATH = YES;
				ONLY_ACTIVE_ARCH = YES;
				SDKROOT = iphoneos;
				SWIFT_ACTIVE_COMPILATION_CONDITIONS = DEBUG;
				SWIFT_OPTIMIZATION_LEVEL = "-Onone";
			};
			name = Debug;
		};
		2B5EC09C2AA34ECA00305D14 /* Release */ = {
			isa = XCBuildConfiguration;
			buildSettings = {
				ALWAYS_SEARCH_USER_PATHS = NO;
				CLANG_ANALYZER_NONNULL = YES;
				CLANG_ANALYZER_NUMBER_OBJECT_CONVERSION = YES_AGGRESSIVE;
				CLANG_CXX_LANGUAGE_STANDARD = "gnu++20";
				CLANG_ENABLE_MODULES = YES;
				CLANG_ENABLE_OBJC_ARC = YES;
				CLANG_ENABLE_OBJC_WEAK = YES;
				CLANG_WARN_BLOCK_CAPTURE_AUTORELEASING = YES;
				CLANG_WARN_BOOL_CONVERSION = YES;
				CLANG_WARN_COMMA = YES;
				CLANG_WARN_CONSTANT_CONVERSION = YES;
				CLANG_WARN_DEPRECATED_OBJC_IMPLEMENTATIONS = YES;
				CLANG_WARN_DIRECT_OBJC_ISA_USAGE = YES_ERROR;
				CLANG_WARN_DOCUMENTATION_COMMENTS = YES;
				CLANG_WARN_EMPTY_BODY = YES;
				CLANG_WARN_ENUM_CONVERSION = YES;
				CLANG_WARN_INFINITE_RECURSION = YES;
				CLANG_WARN_INT_CONVERSION = YES;
				CLANG_WARN_NON_LITERAL_NULL_CONVERSION = YES;
				CLANG_WARN_OBJC_IMPLICIT_RETAIN_SELF = YES;
				CLANG_WARN_OBJC_LITERAL_CONVERSION = YES;
				CLANG_WARN_OBJC_ROOT_CLASS = YES_ERROR;
				CLANG_WARN_QUOTED_INCLUDE_IN_FRAMEWORK_HEADER = YES;
				CLANG_WARN_RANGE_LOOP_ANALYSIS = YES;
				CLANG_WARN_STRICT_PROTOTYPES = YES;
				CLANG_WARN_SUSPICIOUS_MOVE = YES;
				CLANG_WARN_UNGUARDED_AVAILABILITY = YES_AGGRESSIVE;
				CLANG_WARN_UNREACHABLE_CODE = YES;
				CLANG_WARN__DUPLICATE_METHOD_MATCH = YES;
				COPY_PHASE_STRIP = NO;
				DEBUG_INFORMATION_FORMAT = "dwarf-with-dsym";
				ENABLE_NS_ASSERTIONS = NO;
				ENABLE_STRICT_OBJC_MSGSEND = YES;
				GCC_C_LANGUAGE_STANDARD = gnu11;
				GCC_NO_COMMON_BLOCKS = YES;
				GCC_WARN_64_TO_32_BIT_CONVERSION = YES;
				GCC_WARN_ABOUT_RETURN_TYPE = YES_ERROR;
				GCC_WARN_UNDECLARED_SELECTOR = YES;
				GCC_WARN_UNINITIALIZED_AUTOS = YES_AGGRESSIVE;
				GCC_WARN_UNUSED_FUNCTION = YES;
				GCC_WARN_UNUSED_VARIABLE = YES;
				IPHONEOS_DEPLOYMENT_TARGET = 16.4;
				MTL_ENABLE_DEBUG_INFO = NO;
				MTL_FAST_MATH = YES;
				SDKROOT = iphoneos;
				SWIFT_COMPILATION_MODE = wholemodule;
				SWIFT_OPTIMIZATION_LEVEL = "-O";
				VALIDATE_PRODUCT = YES;
			};
			name = Release;
		};
		2B5EC09E2AA34ECA00305D14 /* Debug */ = {
			isa = XCBuildConfiguration;
			buildSettings = {
				ASSETCATALOG_COMPILER_APPICON_NAME = AppIcon;
				ASSETCATALOG_COMPILER_GLOBAL_ACCENT_COLOR_NAME = AccentColor;
				CODE_SIGN_STYLE = Automatic;
				CURRENT_PROJECT_VERSION = 1;
				GENERATE_INFOPLIST_FILE = YES;
				INFOPLIST_FILE = "Wallet App/Resources/Info.plist";
				INFOPLIST_KEY_UIApplicationSupportsIndirectInputEvents = YES;
				INFOPLIST_KEY_UILaunchStoryboardName = LaunchScreen;
				INFOPLIST_KEY_UISupportedInterfaceOrientations = UIInterfaceOrientationPortrait;
				INFOPLIST_KEY_UISupportedInterfaceOrientations_iPad = "UIInterfaceOrientationLandscapeLeft UIInterfaceOrientationLandscapeRight UIInterfaceOrientationPortrait UIInterfaceOrientationPortraitUpsideDown";
				LD_RUNPATH_SEARCH_PATHS = (
					"$(inherited)",
					"@executable_path/Frameworks",
				);
				MARKETING_VERSION = 1.0;
				PRODUCT_BUNDLE_IDENTIFIER = "-2.Wallet-App";
				PRODUCT_NAME = "$(TARGET_NAME)";
				SUPPORTED_PLATFORMS = "iphoneos iphonesimulator";
				SUPPORTS_MACCATALYST = NO;
				SUPPORTS_MAC_DESIGNED_FOR_IPHONE_IPAD = NO;
				SWIFT_EMIT_LOC_STRINGS = YES;
				SWIFT_VERSION = 5.0;
				TARGETED_DEVICE_FAMILY = 1;
			};
			name = Debug;
		};
		2B5EC09F2AA34ECA00305D14 /* Release */ = {
			isa = XCBuildConfiguration;
			buildSettings = {
				ASSETCATALOG_COMPILER_APPICON_NAME = AppIcon;
				ASSETCATALOG_COMPILER_GLOBAL_ACCENT_COLOR_NAME = AccentColor;
				CODE_SIGN_STYLE = Automatic;
				CURRENT_PROJECT_VERSION = 1;
				GENERATE_INFOPLIST_FILE = YES;
				INFOPLIST_FILE = "Wallet App/Resources/Info.plist";
				INFOPLIST_KEY_UIApplicationSupportsIndirectInputEvents = YES;
				INFOPLIST_KEY_UILaunchStoryboardName = LaunchScreen;
				INFOPLIST_KEY_UISupportedInterfaceOrientations = UIInterfaceOrientationPortrait;
				INFOPLIST_KEY_UISupportedInterfaceOrientations_iPad = "UIInterfaceOrientationLandscapeLeft UIInterfaceOrientationLandscapeRight UIInterfaceOrientationPortrait UIInterfaceOrientationPortraitUpsideDown";
				LD_RUNPATH_SEARCH_PATHS = (
					"$(inherited)",
					"@executable_path/Frameworks",
				);
				MARKETING_VERSION = 1.0;
				PRODUCT_BUNDLE_IDENTIFIER = "-2.Wallet-App";
				PRODUCT_NAME = "$(TARGET_NAME)";
				SUPPORTED_PLATFORMS = "iphoneos iphonesimulator";
				SUPPORTS_MACCATALYST = NO;
				SUPPORTS_MAC_DESIGNED_FOR_IPHONE_IPAD = NO;
				SWIFT_EMIT_LOC_STRINGS = YES;
				SWIFT_VERSION = 5.0;
				TARGETED_DEVICE_FAMILY = 1;
			};
			name = Release;
		};
/* End XCBuildConfiguration section */

/* Begin XCConfigurationList section */
		2B5EC0842AA34EC900305D14 /* Build configuration list for PBXProject "Wallet App" */ = {
			isa = XCConfigurationList;
			buildConfigurations = (
				2B5EC09B2AA34ECA00305D14 /* Debug */,
				2B5EC09C2AA34ECA00305D14 /* Release */,
			);
			defaultConfigurationIsVisible = 0;
			defaultConfigurationName = Release;
		};
		2B5EC09D2AA34ECA00305D14 /* Build configuration list for PBXNativeTarget "Wallet App" */ = {
			isa = XCConfigurationList;
			buildConfigurations = (
				2B5EC09E2AA34ECA00305D14 /* Debug */,
				2B5EC09F2AA34ECA00305D14 /* Release */,
			);
			defaultConfigurationIsVisible = 0;
			defaultConfigurationName = Release;
		};
/* End XCConfigurationList section */
	};
	rootObject = 2B5EC0812AA34EC900305D14 /* Project object */;
}
