// !$*UTF8*$!
{
	archiveVersion = 1;
	classes = {
	};
	objectVersion = 56;
	objects = {

/* Begin PBXBuildFile section */
		2B080BB32AC0A01100BC89E3 /* StatisticsViewCell.swift in Sources */ = {isa = PBXBuildFile; fileRef = 2B080BB22AC0A01100BC89E3 /* StatisticsViewCell.swift */; };
		2B0EE2322E59FBD20032441C /* TabBar.swift in Sources */ = {isa = PBXBuildFile; fileRef = 2B0EE2312E59FBD20032441C /* TabBar.swift */; };
		2B0EE2342E59FBFA0032441C /* TabBarTag.swift in Sources */ = {isa = PBXBuildFile; fileRef = 2B0EE2332E59FBFA0032441C /* TabBarTag.swift */; };
		2B0EE2372E5A0D310032441C /* TransactionStorage.swift in Sources */ = {isa = PBXBuildFile; fileRef = 2B0EE2362E5A0D310032441C /* TransactionStorage.swift */; };
		2B0EE2522E5B2A730032441C /* StatisticsViewModel.swift in Sources */ = {isa = PBXBuildFile; fileRef = 2B0EE2512E5B2A730032441C /* StatisticsViewModel.swift */; };
		2B0EE2542E5B30D50032441C /* TransactionCategory.swift in Sources */ = {isa = PBXBuildFile; fileRef = 2B0EE2532E5B30D50032441C /* TransactionCategory.swift */; };
		2B0EE2562E5B3A190032441C /* TransactionCurrency.swift in Sources */ = {isa = PBXBuildFile; fileRef = 2B0EE2552E5B3A190032441C /* TransactionCurrency.swift */; };
		2B0EE2582E5B3A880032441C /* NewTransactionViewModel.swift in Sources */ = {isa = PBXBuildFile; fileRef = 2B0EE2572E5B3A880032441C /* NewTransactionViewModel.swift */; };
		2B522A492E635F6500105245 /* TransactionService.swift in Sources */ = {isa = PBXBuildFile; fileRef = 2B522A482E635F6500105245 /* TransactionService.swift */; };
		2B522A4C2E63659100105245 /* HistoryViewModel.swift in Sources */ = {isa = PBXBuildFile; fileRef = 2B522A4B2E63659100105245 /* HistoryViewModel.swift */; };
		2B522A4E2E6369BC00105245 /* TransactionServiceObserver.swift in Sources */ = {isa = PBXBuildFile; fileRef = 2B522A4D2E6369BC00105245 /* TransactionServiceObserver.swift */; };
		2B522A502E6373FE00105245 /* TransactionDataSource.swift in Sources */ = {isa = PBXBuildFile; fileRef = 2B522A4F2E6373FE00105245 /* TransactionDataSource.swift */; };
		2B522A5B2E647DF400105245 /* EmptyStatisticView.swift in Sources */ = {isa = PBXBuildFile; fileRef = 2B522A5A2E647DF400105245 /* EmptyStatisticView.swift */; };
		2B522A862E69E73E00105245 /* StatisticsViewModelType.swift in Sources */ = {isa = PBXBuildFile; fileRef = 2B522A852E69E73E00105245 /* StatisticsViewModelType.swift */; };
		2B522A882E69E98900105245 /* StatisticsViewModelViewDelegate.swift in Sources */ = {isa = PBXBuildFile; fileRef = 2B522A872E69E98900105245 /* StatisticsViewModelViewDelegate.swift */; };
		2B522A8B2E69EBF700105245 /* MonthExpenses.swift in Sources */ = {isa = PBXBuildFile; fileRef = 2B522A8A2E69EBF700105245 /* MonthExpenses.swift */; };
		2B522A8D2E69EC7C00105245 /* CategoryExpense.swift in Sources */ = {isa = PBXBuildFile; fileRef = 2B522A8C2E69EC7C00105245 /* CategoryExpense.swift */; };
		2B522A8F2E69EEA000105245 /* NewTransactionViewModelType.swift in Sources */ = {isa = PBXBuildFile; fileRef = 2B522A8E2E69EEA000105245 /* NewTransactionViewModelType.swift */; };
		2B522A922E69EF0B00105245 /* HistoryViewModelViewDelegate.swift in Sources */ = {isa = PBXBuildFile; fileRef = 2B522A912E69EF0B00105245 /* HistoryViewModelViewDelegate.swift */; };
		2B522A942E69EF2F00105245 /* HistoryViewModelType.swift in Sources */ = {isa = PBXBuildFile; fileRef = 2B522A932E69EF2F00105245 /* HistoryViewModelType.swift */; };
		2B522A972E69F0E100105245 /* TransactionsSection.swift in Sources */ = {isa = PBXBuildFile; fileRef = 2B522A962E69F0E100105245 /* TransactionsSection.swift */; };
		2B522A992E69F3AF00105245 /* ExchangeRateService.swift in Sources */ = {isa = PBXBuildFile; fileRef = 2B522A982E69F3AF00105245 /* ExchangeRateService.swift */; };
		2B522AA02E6A0F8D00105245 /* UIView + Shadow.swift in Sources */ = {isa = PBXBuildFile; fileRef = 2B522A9F2E6A0F8D00105245 /* UIView + Shadow.swift */; };
		2B522ABA2E6E291A00105245 /* Localizable.xcstrings in Resources */ = {isa = PBXBuildFile; fileRef = 2B522AB92E6E291A00105245 /* Localizable.xcstrings */; };
		2B5EC08D2AA34EC900305D14 /* AppDelegate.swift in Sources */ = {isa = PBXBuildFile; fileRef = 2B5EC08C2AA34EC900305D14 /* AppDelegate.swift */; };
		2B5EC08F2AA34EC900305D14 /* SceneDelegate.swift in Sources */ = {isa = PBXBuildFile; fileRef = 2B5EC08E2AA34EC900305D14 /* SceneDelegate.swift */; };
		2B5EC0912AA34EC900305D14 /* TabBarController.swift in Sources */ = {isa = PBXBuildFile; fileRef = 2B5EC0902AA34EC900305D14 /* TabBarController.swift */; };
		2B5EC0962AA34ECA00305D14 /* Assets.xcassets in Resources */ = {isa = PBXBuildFile; fileRef = 2B5EC0952AA34ECA00305D14 /* Assets.xcassets */; };
		2B5EC0992AA34ECA00305D14 /* LaunchScreen.storyboard in Resources */ = {isa = PBXBuildFile; fileRef = 2B5EC0972AA34ECA00305D14 /* LaunchScreen.storyboard */; };
		2B5EC0A32AA3587500305D14 /* StatisticsViewController.swift in Sources */ = {isa = PBXBuildFile; fileRef = 2B5EC0A22AA3587500305D14 /* StatisticsViewController.swift */; };
		2B5EC0A72AA359E700305D14 /* HistoryViewController.swift in Sources */ = {isa = PBXBuildFile; fileRef = 2B5EC0A62AA359E700305D14 /* HistoryViewController.swift */; };
		2B5EC0A92AA3608B00305D14 /* TransactionModel.swift in Sources */ = {isa = PBXBuildFile; fileRef = 2B5EC0A82AA3608B00305D14 /* TransactionModel.swift */; };
		2B5EC0AD2AA37A4F00305D14 /* TransactionViewCell.swift in Sources */ = {isa = PBXBuildFile; fileRef = 2B5EC0AC2AA37A4F00305D14 /* TransactionViewCell.swift */; };
		2B6A16C12C8DD21000464C03 /* NBPResponse.swift in Sources */ = {isa = PBXBuildFile; fileRef = 2B6A16C02C8DD21000464C03 /* NBPResponse.swift */; };
		2B6AABB22C7F744A006B968A /* CurrencyButton.swift in Sources */ = {isa = PBXBuildFile; fileRef = 2B6AABB12C7F744A006B968A /* CurrencyButton.swift */; };
		2B7528132E75B8A1006072C1 /* TransactionDataSourceTests.swift in Sources */ = {isa = PBXBuildFile; fileRef = 2B7528122E75B8A1006072C1 /* TransactionDataSourceTests.swift */; };
		2B7528152E75BE25006072C1 /* ExchangeRateClient.swift in Sources */ = {isa = PBXBuildFile; fileRef = 2B7528142E75BE25006072C1 /* ExchangeRateClient.swift */; };
		2B7528172E75BE8F006072C1 /* URLSession + ExchangeRateClient.swift in Sources */ = {isa = PBXBuildFile; fileRef = 2B7528162E75BE8F006072C1 /* URLSession + ExchangeRateClient.swift */; };
		2B75281A2E75BF38006072C1 /* ExchangeRateServiceTests.swift in Sources */ = {isa = PBXBuildFile; fileRef = 2B7528192E75BF38006072C1 /* ExchangeRateServiceTests.swift */; };
		2B7528402E76F065006072C1 /* TransactionStorageTests.swift in Sources */ = {isa = PBXBuildFile; fileRef = 2B75283F2E76F065006072C1 /* TransactionStorageTests.swift */; };
		2B7528422E76FDA2006072C1 /* TransactionStorageProtocol.swift in Sources */ = {isa = PBXBuildFile; fileRef = 2B7528412E76FDA2006072C1 /* TransactionStorageProtocol.swift */; };
		2B7528442E76FE38006072C1 /* ExchangeRateServiceProtocol.swift in Sources */ = {isa = PBXBuildFile; fileRef = 2B7528432E76FE38006072C1 /* ExchangeRateServiceProtocol.swift */; };
		2B7528462E76FF38006072C1 /* TransactionServiceTests.swift in Sources */ = {isa = PBXBuildFile; fileRef = 2B7528452E76FF38006072C1 /* TransactionServiceTests.swift */; };
		2B75284B2E772013006072C1 /* HistoryViewModelTests.swift in Sources */ = {isa = PBXBuildFile; fileRef = 2B75284A2E772013006072C1 /* HistoryViewModelTests.swift */; };
		2B75284D2E772082006072C1 /* HistoryTransactionServiceProtocol.swift in Sources */ = {isa = PBXBuildFile; fileRef = 2B75284C2E772082006072C1 /* HistoryTransactionServiceProtocol.swift */; };
		2B75289D2E7C8D3E006072C1 /* NewTransactionServiceProtocol.swift in Sources */ = {isa = PBXBuildFile; fileRef = 2B75289C2E7C8D3E006072C1 /* NewTransactionServiceProtocol.swift */; };
		2B75289F2E7C8F21006072C1 /* StatisticsTransactionServiceProtocol.swift in Sources */ = {isa = PBXBuildFile; fileRef = 2B75289E2E7C8F21006072C1 /* StatisticsTransactionServiceProtocol.swift */; };
		2B7528A32E7C9091006072C1 /* NewTransactionViewModelTests.swift in Sources */ = {isa = PBXBuildFile; fileRef = 2B7528A22E7C9091006072C1 /* NewTransactionViewModelTests.swift */; };
		2B7528A62E7C9978006072C1 /* StatisticsViewModelTests.swift in Sources */ = {isa = PBXBuildFile; fileRef = 2B7528A52E7C9978006072C1 /* StatisticsViewModelTests.swift */; };
		2B8541592AA507EF00ADECEB /* NewTransactionViewController.swift in Sources */ = {isa = PBXBuildFile; fileRef = 2B8541582AA507EF00ADECEB /* NewTransactionViewController.swift */; };
		2B85415B2AA545DE00ADECEB /* NotesTextField.swift in Sources */ = {isa = PBXBuildFile; fileRef = 2B85415A2AA545DE00ADECEB /* NotesTextField.swift */; };
		2BC96F2B2AAB761D001D7042 /* CategoryViewCell.swift in Sources */ = {isa = PBXBuildFile; fileRef = 2BC96F2A2AAB761D001D7042 /* CategoryViewCell.swift */; };
		2BC96F2D2AAB7652001D7042 /* CategoryTableViewController.swift in Sources */ = {isa = PBXBuildFile; fileRef = 2BC96F2C2AAB7652001D7042 /* CategoryTableViewController.swift */; };
/* End PBXBuildFile section */

/* Begin PBXContainerItemProxy section */
		2B7528092E75B3DB006072C1 /* PBXContainerItemProxy */ = {
			isa = PBXContainerItemProxy;
			containerPortal = 2B5EC0812AA34EC900305D14 /* Project object */;
			proxyType = 1;
			remoteGlobalIDString = 2B5EC0882AA34EC900305D14;
			remoteInfo = "Wallet App";
		};
/* End PBXContainerItemProxy section */

/* Begin PBXFileReference section */
		2B080BB22AC0A01100BC89E3 /* StatisticsViewCell.swift */ = {isa = PBXFileReference; lastKnownFileType = sourcecode.swift; path = StatisticsViewCell.swift; sourceTree = "<group>"; };
		2B0EE2312E59FBD20032441C /* TabBar.swift */ = {isa = PBXFileReference; lastKnownFileType = sourcecode.swift; path = TabBar.swift; sourceTree = "<group>"; };
		2B0EE2332E59FBFA0032441C /* TabBarTag.swift */ = {isa = PBXFileReference; lastKnownFileType = sourcecode.swift; path = TabBarTag.swift; sourceTree = "<group>"; };
		2B0EE2362E5A0D310032441C /* TransactionStorage.swift */ = {isa = PBXFileReference; lastKnownFileType = sourcecode.swift; path = TransactionStorage.swift; sourceTree = "<group>"; };
		2B0EE2512E5B2A730032441C /* StatisticsViewModel.swift */ = {isa = PBXFileReference; lastKnownFileType = sourcecode.swift; path = StatisticsViewModel.swift; sourceTree = "<group>"; };
		2B0EE2532E5B30D50032441C /* TransactionCategory.swift */ = {isa = PBXFileReference; lastKnownFileType = sourcecode.swift; path = TransactionCategory.swift; sourceTree = "<group>"; };
		2B0EE2552E5B3A190032441C /* TransactionCurrency.swift */ = {isa = PBXFileReference; lastKnownFileType = sourcecode.swift; path = TransactionCurrency.swift; sourceTree = "<group>"; };
		2B0EE2572E5B3A880032441C /* NewTransactionViewModel.swift */ = {isa = PBXFileReference; lastKnownFileType = sourcecode.swift; path = NewTransactionViewModel.swift; sourceTree = "<group>"; };
		2B522A482E635F6500105245 /* TransactionService.swift */ = {isa = PBXFileReference; lastKnownFileType = sourcecode.swift; path = TransactionService.swift; sourceTree = "<group>"; };
		2B522A4B2E63659100105245 /* HistoryViewModel.swift */ = {isa = PBXFileReference; lastKnownFileType = sourcecode.swift; path = HistoryViewModel.swift; sourceTree = "<group>"; };
		2B522A4D2E6369BC00105245 /* TransactionServiceObserver.swift */ = {isa = PBXFileReference; lastKnownFileType = sourcecode.swift; path = TransactionServiceObserver.swift; sourceTree = "<group>"; };
		2B522A4F2E6373FE00105245 /* TransactionDataSource.swift */ = {isa = PBXFileReference; lastKnownFileType = sourcecode.swift; path = TransactionDataSource.swift; sourceTree = "<group>"; };
		2B522A5A2E647DF400105245 /* EmptyStatisticView.swift */ = {isa = PBXFileReference; lastKnownFileType = sourcecode.swift; path = EmptyStatisticView.swift; sourceTree = "<group>"; };
		2B522A852E69E73E00105245 /* StatisticsViewModelType.swift */ = {isa = PBXFileReference; lastKnownFileType = sourcecode.swift; path = StatisticsViewModelType.swift; sourceTree = "<group>"; };
		2B522A872E69E98900105245 /* StatisticsViewModelViewDelegate.swift */ = {isa = PBXFileReference; lastKnownFileType = sourcecode.swift; path = StatisticsViewModelViewDelegate.swift; sourceTree = "<group>"; };
		2B522A8A2E69EBF700105245 /* MonthExpenses.swift */ = {isa = PBXFileReference; lastKnownFileType = sourcecode.swift; path = MonthExpenses.swift; sourceTree = "<group>"; };
		2B522A8C2E69EC7C00105245 /* CategoryExpense.swift */ = {isa = PBXFileReference; lastKnownFileType = sourcecode.swift; path = CategoryExpense.swift; sourceTree = "<group>"; };
		2B522A8E2E69EEA000105245 /* NewTransactionViewModelType.swift */ = {isa = PBXFileReference; lastKnownFileType = sourcecode.swift; path = NewTransactionViewModelType.swift; sourceTree = "<group>"; };
		2B522A912E69EF0B00105245 /* HistoryViewModelViewDelegate.swift */ = {isa = PBXFileReference; lastKnownFileType = sourcecode.swift; path = HistoryViewModelViewDelegate.swift; sourceTree = "<group>"; };
		2B522A932E69EF2F00105245 /* HistoryViewModelType.swift */ = {isa = PBXFileReference; lastKnownFileType = sourcecode.swift; path = HistoryViewModelType.swift; sourceTree = "<group>"; };
		2B522A962E69F0E100105245 /* TransactionsSection.swift */ = {isa = PBXFileReference; lastKnownFileType = sourcecode.swift; path = TransactionsSection.swift; sourceTree = "<group>"; };
		2B522A982E69F3AF00105245 /* ExchangeRateService.swift */ = {isa = PBXFileReference; lastKnownFileType = sourcecode.swift; path = ExchangeRateService.swift; sourceTree = "<group>"; };
		2B522A9F2E6A0F8D00105245 /* UIView + Shadow.swift */ = {isa = PBXFileReference; lastKnownFileType = sourcecode.swift; path = "UIView + Shadow.swift"; sourceTree = "<group>"; };
		2B522AB92E6E291A00105245 /* Localizable.xcstrings */ = {isa = PBXFileReference; lastKnownFileType = text.json.xcstrings; path = Localizable.xcstrings; sourceTree = "<group>"; };
		2B5EC0892AA34EC900305D14 /* Wallet App.app */ = {isa = PBXFileReference; explicitFileType = wrapper.application; includeInIndex = 0; path = "Wallet App.app"; sourceTree = BUILT_PRODUCTS_DIR; };
		2B5EC08C2AA34EC900305D14 /* AppDelegate.swift */ = {isa = PBXFileReference; lastKnownFileType = sourcecode.swift; path = AppDelegate.swift; sourceTree = "<group>"; };
		2B5EC08E2AA34EC900305D14 /* SceneDelegate.swift */ = {isa = PBXFileReference; lastKnownFileType = sourcecode.swift; path = SceneDelegate.swift; sourceTree = "<group>"; };
		2B5EC0902AA34EC900305D14 /* TabBarController.swift */ = {isa = PBXFileReference; lastKnownFileType = sourcecode.swift; path = TabBarController.swift; sourceTree = "<group>"; };
		2B5EC0952AA34ECA00305D14 /* Assets.xcassets */ = {isa = PBXFileReference; lastKnownFileType = folder.assetcatalog; path = Assets.xcassets; sourceTree = "<group>"; };
		2B5EC0982AA34ECA00305D14 /* Base */ = {isa = PBXFileReference; lastKnownFileType = file.storyboard; name = Base; path = Base.lproj/LaunchScreen.storyboard; sourceTree = "<group>"; };
		2B5EC09A2AA34ECA00305D14 /* Info.plist */ = {isa = PBXFileReference; lastKnownFileType = text.plist.xml; path = Info.plist; sourceTree = "<group>"; };
		2B5EC0A22AA3587500305D14 /* StatisticsViewController.swift */ = {isa = PBXFileReference; lastKnownFileType = sourcecode.swift; path = StatisticsViewController.swift; sourceTree = "<group>"; };
		2B5EC0A62AA359E700305D14 /* HistoryViewController.swift */ = {isa = PBXFileReference; lastKnownFileType = sourcecode.swift; path = HistoryViewController.swift; sourceTree = "<group>"; };
		2B5EC0A82AA3608B00305D14 /* TransactionModel.swift */ = {isa = PBXFileReference; lastKnownFileType = sourcecode.swift; path = TransactionModel.swift; sourceTree = "<group>"; };
		2B5EC0AC2AA37A4F00305D14 /* TransactionViewCell.swift */ = {isa = PBXFileReference; lastKnownFileType = sourcecode.swift; path = TransactionViewCell.swift; sourceTree = "<group>"; };
		2B6A16C02C8DD21000464C03 /* NBPResponse.swift */ = {isa = PBXFileReference; lastKnownFileType = sourcecode.swift; path = NBPResponse.swift; sourceTree = "<group>"; };
		2B6AABB12C7F744A006B968A /* CurrencyButton.swift */ = {isa = PBXFileReference; lastKnownFileType = sourcecode.swift; path = CurrencyButton.swift; sourceTree = "<group>"; };
		2B7528052E75B3DB006072C1 /* WalletAppTests.xctest */ = {isa = PBXFileReference; explicitFileType = wrapper.cfbundle; includeInIndex = 0; path = WalletAppTests.xctest; sourceTree = BUILT_PRODUCTS_DIR; };
		2B7528122E75B8A1006072C1 /* TransactionDataSourceTests.swift */ = {isa = PBXFileReference; lastKnownFileType = sourcecode.swift; path = TransactionDataSourceTests.swift; sourceTree = "<group>"; };
		2B7528142E75BE25006072C1 /* ExchangeRateClient.swift */ = {isa = PBXFileReference; lastKnownFileType = sourcecode.swift; path = ExchangeRateClient.swift; sourceTree = "<group>"; };
		2B7528162E75BE8F006072C1 /* URLSession + ExchangeRateClient.swift */ = {isa = PBXFileReference; lastKnownFileType = sourcecode.swift; path = "URLSession + ExchangeRateClient.swift"; sourceTree = "<group>"; };
		2B7528192E75BF38006072C1 /* ExchangeRateServiceTests.swift */ = {isa = PBXFileReference; lastKnownFileType = sourcecode.swift; path = ExchangeRateServiceTests.swift; sourceTree = "<group>"; };
		2B75283F2E76F065006072C1 /* TransactionStorageTests.swift */ = {isa = PBXFileReference; lastKnownFileType = sourcecode.swift; path = TransactionStorageTests.swift; sourceTree = "<group>"; };
		2B7528412E76FDA2006072C1 /* TransactionStorageProtocol.swift */ = {isa = PBXFileReference; lastKnownFileType = sourcecode.swift; path = TransactionStorageProtocol.swift; sourceTree = "<group>"; };
		2B7528432E76FE38006072C1 /* ExchangeRateServiceProtocol.swift */ = {isa = PBXFileReference; lastKnownFileType = sourcecode.swift; path = ExchangeRateServiceProtocol.swift; sourceTree = "<group>"; };
		2B7528452E76FF38006072C1 /* TransactionServiceTests.swift */ = {isa = PBXFileReference; lastKnownFileType = sourcecode.swift; path = TransactionServiceTests.swift; sourceTree = "<group>"; };
		2B75284A2E772013006072C1 /* HistoryViewModelTests.swift */ = {isa = PBXFileReference; lastKnownFileType = sourcecode.swift; path = HistoryViewModelTests.swift; sourceTree = "<group>"; };
		2B75284C2E772082006072C1 /* HistoryTransactionServiceProtocol.swift */ = {isa = PBXFileReference; lastKnownFileType = sourcecode.swift; path = HistoryTransactionServiceProtocol.swift; sourceTree = "<group>"; };
		2B75289C2E7C8D3E006072C1 /* NewTransactionServiceProtocol.swift */ = {isa = PBXFileReference; lastKnownFileType = sourcecode.swift; path = NewTransactionServiceProtocol.swift; sourceTree = "<group>"; };
		2B75289E2E7C8F21006072C1 /* StatisticsTransactionServiceProtocol.swift */ = {isa = PBXFileReference; lastKnownFileType = sourcecode.swift; path = StatisticsTransactionServiceProtocol.swift; sourceTree = "<group>"; };
		2B7528A22E7C9091006072C1 /* NewTransactionViewModelTests.swift */ = {isa = PBXFileReference; lastKnownFileType = sourcecode.swift; path = NewTransactionViewModelTests.swift; sourceTree = "<group>"; };
		2B7528A52E7C9978006072C1 /* StatisticsViewModelTests.swift */ = {isa = PBXFileReference; lastKnownFileType = sourcecode.swift; path = StatisticsViewModelTests.swift; sourceTree = "<group>"; };
		2B8541582AA507EF00ADECEB /* NewTransactionViewController.swift */ = {isa = PBXFileReference; lastKnownFileType = sourcecode.swift; path = NewTransactionViewController.swift; sourceTree = "<group>"; };
		2B85415A2AA545DE00ADECEB /* NotesTextField.swift */ = {isa = PBXFileReference; lastKnownFileType = sourcecode.swift; path = NotesTextField.swift; sourceTree = "<group>"; };
		2BC96F2A2AAB761D001D7042 /* CategoryViewCell.swift */ = {isa = PBXFileReference; lastKnownFileType = sourcecode.swift; path = CategoryViewCell.swift; sourceTree = "<group>"; };
		2BC96F2C2AAB7652001D7042 /* CategoryTableViewController.swift */ = {isa = PBXFileReference; lastKnownFileType = sourcecode.swift; path = CategoryTableViewController.swift; sourceTree = "<group>"; };
/* End PBXFileReference section */

/* Begin PBXFrameworksBuildPhase section */
		2B5EC0862AA34EC900305D14 /* Frameworks */ = {
			isa = PBXFrameworksBuildPhase;
			buildActionMask = 2147483647;
			files = (
			);
			runOnlyForDeploymentPostprocessing = 0;
		};
		2B7528022E75B3DB006072C1 /* Frameworks */ = {
			isa = PBXFrameworksBuildPhase;
			buildActionMask = 2147483647;
			files = (
			);
			runOnlyForDeploymentPostprocessing = 0;
		};
/* End PBXFrameworksBuildPhase section */

/* Begin PBXGroup section */
		2B00FAAB2ABCFB6B001D7E1E /* resources */ = {
			isa = PBXGroup;
			children = (
				2B5EC0952AA34ECA00305D14 /* Assets.xcassets */,
				2B5EC0972AA34ECA00305D14 /* LaunchScreen.storyboard */,
				2B522AB92E6E291A00105245 /* Localizable.xcstrings */,
				2B5EC09A2AA34ECA00305D14 /* Info.plist */,
			);
			path = resources;
			sourceTree = "<group>";
		};
		2B00FAAD2ABCFEA7001D7E1E /* newTransaction */ = {
			isa = PBXGroup;
			children = (
				2B522AB72E6DB20300105245 /* viewModel */,
				2B0EE3802E6354E80032441C /* components */,
				2B0EE2592E5B66110032441C /* category */,
				2B8541582AA507EF00ADECEB /* NewTransactionViewController.swift */,
				2B522A8E2E69EEA000105245 /* NewTransactionViewModelType.swift */,
			);
			path = newTransaction;
			sourceTree = "<group>";
		};
		2B03B9762C947CED00DF48C1 /* screens */ = {
			isa = PBXGroup;
			children = (
				2BCCEF412C3B63D200E24A57 /* statistics */,
				2B00FAAD2ABCFEA7001D7E1E /* newTransaction */,
				2BCCEF462C3B645100E24A57 /* history */,
			);
			path = screens;
			sourceTree = "<group>";
		};
		2B08DC852C78FD14003F49D0 /* services */ = {
			isa = PBXGroup;
			children = (
				2B7528482E77169E006072C1 /* observer */,
				2B522A9E2E6A049200105245 /* dataSource */,
				2B522A9C2E6A046D00105245 /* exchangeRate */,
				2B522A9A2E6A044A00105245 /* storage */,
				2B522A482E635F6500105245 /* TransactionService.swift */,
				2B7528432E76FE38006072C1 /* ExchangeRateServiceProtocol.swift */,
				2B7528412E76FDA2006072C1 /* TransactionStorageProtocol.swift */,
			);
			path = services;
			sourceTree = "<group>";
		};
		2B0EE2352E5A03B20032441C /* tabBar */ = {
			isa = PBXGroup;
			children = (
				2B0EE2332E59FBFA0032441C /* TabBarTag.swift */,
				2B0EE2312E59FBD20032441C /* TabBar.swift */,
				2B5EC0902AA34EC900305D14 /* TabBarController.swift */,
			);
			path = tabBar;
			sourceTree = "<group>";
		};
		2B0EE2592E5B66110032441C /* category */ = {
			isa = PBXGroup;
			children = (
				2BC96F2A2AAB761D001D7042 /* CategoryViewCell.swift */,
				2BC96F2C2AAB7652001D7042 /* CategoryTableViewController.swift */,
			);
			path = category;
			sourceTree = "<group>";
		};
		2B0EE3802E6354E80032441C /* components */ = {
			isa = PBXGroup;
			children = (
				2B85415A2AA545DE00ADECEB /* NotesTextField.swift */,
				2B6AABB12C7F744A006B968A /* CurrencyButton.swift */,
			);
			path = components;
			sourceTree = "<group>";
		};
		2B522A4A2E63654900105245 /* components */ = {
			isa = PBXGroup;
			children = (
				2B080BB22AC0A01100BC89E3 /* StatisticsViewCell.swift */,
				2B522A5A2E647DF400105245 /* EmptyStatisticView.swift */,
				2B522A9F2E6A0F8D00105245 /* UIView + Shadow.swift */,
			);
			path = components;
			sourceTree = "<group>";
		};
		2B522A892E69EBEF00105245 /* models */ = {
			isa = PBXGroup;
			children = (
				2B522A8A2E69EBF700105245 /* MonthExpenses.swift */,
				2B522A8C2E69EC7C00105245 /* CategoryExpense.swift */,
			);
			path = models;
			sourceTree = "<group>";
		};
		2B522A902E69EEE100105245 /* cell */ = {
			isa = PBXGroup;
			children = (
				2B5EC0AC2AA37A4F00305D14 /* TransactionViewCell.swift */,
			);
			path = cell;
			sourceTree = "<group>";
		};
		2B522A952E69F0D700105245 /* model */ = {
			isa = PBXGroup;
			children = (
				2B522A962E69F0E100105245 /* TransactionsSection.swift */,
			);
			path = model;
			sourceTree = "<group>";
		};
		2B522A9A2E6A044A00105245 /* storage */ = {
			isa = PBXGroup;
			children = (
				2B522A9B2E6A045500105245 /* models */,
				2B0EE2362E5A0D310032441C /* TransactionStorage.swift */,
			);
			path = storage;
			sourceTree = "<group>";
		};
		2B522A9B2E6A045500105245 /* models */ = {
			isa = PBXGroup;
			children = (
				2B5EC0A82AA3608B00305D14 /* TransactionModel.swift */,
				2B0EE2532E5B30D50032441C /* TransactionCategory.swift */,
				2B0EE2552E5B3A190032441C /* TransactionCurrency.swift */,
			);
			path = models;
			sourceTree = "<group>";
		};
		2B522A9C2E6A046D00105245 /* exchangeRate */ = {
			isa = PBXGroup;
			children = (
				2B522A9D2E6A048200105245 /* models */,
				2B522A982E69F3AF00105245 /* ExchangeRateService.swift */,
				2B7528162E75BE8F006072C1 /* URLSession + ExchangeRateClient.swift */,
				2B7528142E75BE25006072C1 /* ExchangeRateClient.swift */,
			);
			path = exchangeRate;
			sourceTree = "<group>";
		};
		2B522A9D2E6A048200105245 /* models */ = {
			isa = PBXGroup;
			children = (
				2B6A16C02C8DD21000464C03 /* NBPResponse.swift */,
			);
			path = models;
			sourceTree = "<group>";
		};
		2B522A9E2E6A049200105245 /* dataSource */ = {
			isa = PBXGroup;
			children = (
				2B522A4F2E6373FE00105245 /* TransactionDataSource.swift */,
			);
			path = dataSource;
			sourceTree = "<group>";
		};
		2B522AB62E6DB1D300105245 /* viewModel */ = {
			isa = PBXGroup;
			children = (
				2B0EE2512E5B2A730032441C /* StatisticsViewModel.swift */,
				2B75289E2E7C8F21006072C1 /* StatisticsTransactionServiceProtocol.swift */,
				2B522A872E69E98900105245 /* StatisticsViewModelViewDelegate.swift */,
			);
			path = viewModel;
			sourceTree = "<group>";
		};
		2B522AB72E6DB20300105245 /* viewModel */ = {
			isa = PBXGroup;
			children = (
				2B0EE2572E5B3A880032441C /* NewTransactionViewModel.swift */,
				2B75289C2E7C8D3E006072C1 /* NewTransactionServiceProtocol.swift */,
			);
			path = viewModel;
			sourceTree = "<group>";
		};
		2B522AB82E6DB21B00105245 /* viewModel */ = {
			isa = PBXGroup;
			children = (
				2B522A4B2E63659100105245 /* HistoryViewModel.swift */,
				2B522A912E69EF0B00105245 /* HistoryViewModelViewDelegate.swift */,
				2B75284C2E772082006072C1 /* HistoryTransactionServiceProtocol.swift */,
			);
			path = viewModel;
			sourceTree = "<group>";
		};
		2B5EC0802AA34EC900305D14 = {
			isa = PBXGroup;
			children = (
				2B5EC08B2AA34EC900305D14 /* Wallet App */,
				2B75280F2E75B3E1006072C1 /* WalletAppTests */,
				2B5EC08A2AA34EC900305D14 /* Products */,
			);
			sourceTree = "<group>";
		};
		2B5EC08A2AA34EC900305D14 /* Products */ = {
			isa = PBXGroup;
			children = (
				2B5EC0892AA34EC900305D14 /* Wallet App.app */,
				2B7528052E75B3DB006072C1 /* WalletAppTests.xctest */,
			);
			name = Products;
			sourceTree = "<group>";
		};
		2B5EC08B2AA34EC900305D14 /* Wallet App */ = {
			isa = PBXGroup;
			children = (
				2B0EE2352E5A03B20032441C /* tabBar */,
				2BCCEF472C3B646A00E24A57 /* application */,
				2B03B9762C947CED00DF48C1 /* screens */,
				2B08DC852C78FD14003F49D0 /* services */,
				2B00FAAB2ABCFB6B001D7E1E /* resources */,
			);
			path = "Wallet App";
			sourceTree = "<group>";
		};
		2B75280F2E75B3E1006072C1 /* WalletAppTests */ = {
			isa = PBXGroup;
			children = (
				2B7528492E77188D006072C1 /* screens */,
				2B7528472E7715FD006072C1 /* services */,
			);
			path = WalletAppTests;
			sourceTree = "<group>";
		};
		2B7528112E75B880006072C1 /* dataSource */ = {
			isa = PBXGroup;
			children = (
				2B7528122E75B8A1006072C1 /* TransactionDataSourceTests.swift */,
			);
			path = dataSource;
			sourceTree = "<group>";
		};
		2B7528182E75BF1E006072C1 /* exchangeRate */ = {
			isa = PBXGroup;
			children = (
				2B7528192E75BF38006072C1 /* ExchangeRateServiceTests.swift */,
			);
			path = exchangeRate;
			sourceTree = "<group>";
		};
		2B75283E2E76F04A006072C1 /* storage */ = {
			isa = PBXGroup;
			children = (
				2B75283F2E76F065006072C1 /* TransactionStorageTests.swift */,
			);
			path = storage;
			sourceTree = "<group>";
		};
		2B7528472E7715FD006072C1 /* services */ = {
			isa = PBXGroup;
			children = (
				2B75283E2E76F04A006072C1 /* storage */,
				2B7528182E75BF1E006072C1 /* exchangeRate */,
				2B7528112E75B880006072C1 /* dataSource */,
				2B7528452E76FF38006072C1 /* TransactionServiceTests.swift */,
			);
			path = services;
			sourceTree = "<group>";
		};
		2B7528482E77169E006072C1 /* observer */ = {
			isa = PBXGroup;
			children = (
				2B522A4D2E6369BC00105245 /* TransactionServiceObserver.swift */,
			);
			path = observer;
			sourceTree = "<group>";
		};
		2B7528492E77188D006072C1 /* screens */ = {
			isa = PBXGroup;
			children = (
				2B7528A42E7C9961006072C1 /* statistics */,
				2B7528A12E7C9074006072C1 /* newTransaction */,
				2B7528A02E7C9069006072C1 /* history */,
			);
			path = screens;
			sourceTree = "<group>";
		};
		2B7528A02E7C9069006072C1 /* history */ = {
			isa = PBXGroup;
			children = (
				2B75284A2E772013006072C1 /* HistoryViewModelTests.swift */,
			);
			path = history;
			sourceTree = "<group>";
		};
		2B7528A12E7C9074006072C1 /* newTransaction */ = {
			isa = PBXGroup;
			children = (
				2B7528A22E7C9091006072C1 /* NewTransactionViewModelTests.swift */,
			);
			path = newTransaction;
			sourceTree = "<group>";
		};
		2B7528A42E7C9961006072C1 /* statistics */ = {
			isa = PBXGroup;
			children = (
				2B7528A52E7C9978006072C1 /* StatisticsViewModelTests.swift */,
			);
			path = statistics;
			sourceTree = "<group>";
		};
		2BCCEF412C3B63D200E24A57 /* statistics */ = {
			isa = PBXGroup;
			children = (
				2B522AB62E6DB1D300105245 /* viewModel */,
				2B522A892E69EBEF00105245 /* models */,
				2B522A4A2E63654900105245 /* components */,
				2B5EC0A22AA3587500305D14 /* StatisticsViewController.swift */,
				2B522A852E69E73E00105245 /* StatisticsViewModelType.swift */,
			);
			path = statistics;
			sourceTree = "<group>";
		};
		2BCCEF462C3B645100E24A57 /* history */ = {
			isa = PBXGroup;
			children = (
				2B522AB82E6DB21B00105245 /* viewModel */,
				2B522A952E69F0D700105245 /* model */,
				2B522A902E69EEE100105245 /* cell */,
				2B5EC0A62AA359E700305D14 /* HistoryViewController.swift */,
				2B522A932E69EF2F00105245 /* HistoryViewModelType.swift */,
			);
			path = history;
			sourceTree = "<group>";
		};
		2BCCEF472C3B646A00E24A57 /* application */ = {
			isa = PBXGroup;
			children = (
				2B5EC08C2AA34EC900305D14 /* AppDelegate.swift */,
				2B5EC08E2AA34EC900305D14 /* SceneDelegate.swift */,
			);
			path = application;
			sourceTree = "<group>";
		};
/* End PBXGroup section */

/* Begin PBXNativeTarget section */
		2B5EC0882AA34EC900305D14 /* Wallet App */ = {
			isa = PBXNativeTarget;
			buildConfigurationList = 2B5EC09D2AA34ECA00305D14 /* Build configuration list for PBXNativeTarget "Wallet App" */;
			buildPhases = (
				2B5EC0852AA34EC900305D14 /* Sources */,
				2B5EC0862AA34EC900305D14 /* Frameworks */,
				2B5EC0872AA34EC900305D14 /* Resources */,
			);
			buildRules = (
			);
			dependencies = (
			);
			name = "Wallet App";
			productName = "Wallet App";
			productReference = 2B5EC0892AA34EC900305D14 /* Wallet App.app */;
			productType = "com.apple.product-type.application";
		};
		2B7528042E75B3DB006072C1 /* WalletAppTests */ = {
			isa = PBXNativeTarget;
			buildConfigurationList = 2B75280D2E75B3DB006072C1 /* Build configuration list for PBXNativeTarget "WalletAppTests" */;
			buildPhases = (
				2B7528012E75B3DB006072C1 /* Sources */,
				2B7528022E75B3DB006072C1 /* Frameworks */,
				2B7528032E75B3DB006072C1 /* Resources */,
			);
			buildRules = (
			);
			dependencies = (
				2B75280A2E75B3DB006072C1 /* PBXTargetDependency */,
			);
			name = WalletAppTests;
			packageProductDependencies = (
			);
			productName = WalletAppTests;
			productReference = 2B7528052E75B3DB006072C1 /* WalletAppTests.xctest */;
			productType = "com.apple.product-type.bundle.unit-test";
		};
/* End PBXNativeTarget section */

/* Begin PBXProject section */
		2B5EC0812AA34EC900305D14 /* Project object */ = {
			isa = PBXProject;
			attributes = {
				BuildIndependentTargetsInParallel = 1;
				LastSwiftUpdateCheck = 1620;
				LastUpgradeCheck = 1430;
				TargetAttributes = {
					2B5EC0882AA34EC900305D14 = {
						CreatedOnToolsVersion = 14.3;
					};
					2B7528042E75B3DB006072C1 = {
						CreatedOnToolsVersion = 16.2;
						LastSwiftMigration = 1620;
						TestTargetID = 2B5EC0882AA34EC900305D14;
					};
				};
			};
			buildConfigurationList = 2B5EC0842AA34EC900305D14 /* Build configuration list for PBXProject "Wallet App" */;
			compatibilityVersion = "Xcode 14.0";
			developmentRegion = en;
			hasScannedForEncodings = 0;
			knownRegions = (
				en,
				Base,
				pl,
				de,
			);
			mainGroup = 2B5EC0802AA34EC900305D14;
			productRefGroup = 2B5EC08A2AA34EC900305D14 /* Products */;
			projectDirPath = "";
			projectRoot = "";
			targets = (
				2B5EC0882AA34EC900305D14 /* Wallet App */,
				2B7528042E75B3DB006072C1 /* WalletAppTests */,
			);
		};
/* End PBXProject section */

/* Begin PBXResourcesBuildPhase section */
		2B5EC0872AA34EC900305D14 /* Resources */ = {
			isa = PBXResourcesBuildPhase;
			buildActionMask = 2147483647;
			files = (
				2B5EC0992AA34ECA00305D14 /* LaunchScreen.storyboard in Resources */,
				2B5EC0962AA34ECA00305D14 /* Assets.xcassets in Resources */,
				2B522ABA2E6E291A00105245 /* Localizable.xcstrings in Resources */,
			);
			runOnlyForDeploymentPostprocessing = 0;
		};
		2B7528032E75B3DB006072C1 /* Resources */ = {
			isa = PBXResourcesBuildPhase;
			buildActionMask = 2147483647;
			files = (
			);
			runOnlyForDeploymentPostprocessing = 0;
		};
/* End PBXResourcesBuildPhase section */

/* Begin PBXSourcesBuildPhase section */
		2B5EC0852AA34EC900305D14 /* Sources */ = {
			isa = PBXSourcesBuildPhase;
			buildActionMask = 2147483647;
			files = (
				2B5EC0912AA34EC900305D14 /* TabBarController.swift in Sources */,
				2B522A8B2E69EBF700105245 /* MonthExpenses.swift in Sources */,
				2B7528442E76FE38006072C1 /* ExchangeRateServiceProtocol.swift in Sources */,
				2B522A972E69F0E100105245 /* TransactionsSection.swift in Sources */,
				2B522A5B2E647DF400105245 /* EmptyStatisticView.swift in Sources */,
				2B7528172E75BE8F006072C1 /* URLSession + ExchangeRateClient.swift in Sources */,
				2B5EC0A72AA359E700305D14 /* HistoryViewController.swift in Sources */,
				2B522A4E2E6369BC00105245 /* TransactionServiceObserver.swift in Sources */,
				2B5EC0A92AA3608B00305D14 /* TransactionModel.swift in Sources */,
				2B522A942E69EF2F00105245 /* HistoryViewModelType.swift in Sources */,
				2B75289D2E7C8D3E006072C1 /* NewTransactionServiceProtocol.swift in Sources */,
				2B522A8D2E69EC7C00105245 /* CategoryExpense.swift in Sources */,
				2B0EE2372E5A0D310032441C /* TransactionStorage.swift in Sources */,
				2B5EC08D2AA34EC900305D14 /* AppDelegate.swift in Sources */,
				2B522A882E69E98900105245 /* StatisticsViewModelViewDelegate.swift in Sources */,
				2BC96F2B2AAB761D001D7042 /* CategoryViewCell.swift in Sources */,
				2B7528422E76FDA2006072C1 /* TransactionStorageProtocol.swift in Sources */,
				2B7528152E75BE25006072C1 /* ExchangeRateClient.swift in Sources */,
				2B75289F2E7C8F21006072C1 /* StatisticsTransactionServiceProtocol.swift in Sources */,
				2B6AABB22C7F744A006B968A /* CurrencyButton.swift in Sources */,
				2B0EE2322E59FBD20032441C /* TabBar.swift in Sources */,
				2B522A992E69F3AF00105245 /* ExchangeRateService.swift in Sources */,
				2B080BB32AC0A01100BC89E3 /* StatisticsViewCell.swift in Sources */,
				2B6A16C12C8DD21000464C03 /* NBPResponse.swift in Sources */,
				2B522A862E69E73E00105245 /* StatisticsViewModelType.swift in Sources */,
				2B0EE2582E5B3A880032441C /* NewTransactionViewModel.swift in Sources */,
				2B0EE2562E5B3A190032441C /* TransactionCurrency.swift in Sources */,
				2B0EE2342E59FBFA0032441C /* TabBarTag.swift in Sources */,
				2B8541592AA507EF00ADECEB /* NewTransactionViewController.swift in Sources */,
				2B5EC08F2AA34EC900305D14 /* SceneDelegate.swift in Sources */,
				2B85415B2AA545DE00ADECEB /* NotesTextField.swift in Sources */,
				2B0EE2522E5B2A730032441C /* StatisticsViewModel.swift in Sources */,
				2B522A502E6373FE00105245 /* TransactionDataSource.swift in Sources */,
				2B75284D2E772082006072C1 /* HistoryTransactionServiceProtocol.swift in Sources */,
				2B522A492E635F6500105245 /* TransactionService.swift in Sources */,
				2B0EE2542E5B30D50032441C /* TransactionCategory.swift in Sources */,
				2B5EC0AD2AA37A4F00305D14 /* TransactionViewCell.swift in Sources */,
				2B522AA02E6A0F8D00105245 /* UIView + Shadow.swift in Sources */,
				2B522A4C2E63659100105245 /* HistoryViewModel.swift in Sources */,
				2B5EC0A32AA3587500305D14 /* StatisticsViewController.swift in Sources */,
				2B522A922E69EF0B00105245 /* HistoryViewModelViewDelegate.swift in Sources */,
				2B522A8F2E69EEA000105245 /* NewTransactionViewModelType.swift in Sources */,
				2BC96F2D2AAB7652001D7042 /* CategoryTableViewController.swift in Sources */,
			);
			runOnlyForDeploymentPostprocessing = 0;
		};
		2B7528012E75B3DB006072C1 /* Sources */ = {
			isa = PBXSourcesBuildPhase;
			buildActionMask = 2147483647;
			files = (
				2B7528A32E7C9091006072C1 /* NewTransactionViewModelTests.swift in Sources */,
				2B7528402E76F065006072C1 /* TransactionStorageTests.swift in Sources */,
				2B75284B2E772013006072C1 /* HistoryViewModelTests.swift in Sources */,
				2B7528A62E7C9978006072C1 /* StatisticsViewModelTests.swift in Sources */,
				2B75281A2E75BF38006072C1 /* ExchangeRateServiceTests.swift in Sources */,
				2B7528462E76FF38006072C1 /* TransactionServiceTests.swift in Sources */,
				2B7528132E75B8A1006072C1 /* TransactionDataSourceTests.swift in Sources */,
			);
			runOnlyForDeploymentPostprocessing = 0;
		};
/* End PBXSourcesBuildPhase section */

/* Begin PBXTargetDependency section */
		2B75280A2E75B3DB006072C1 /* PBXTargetDependency */ = {
			isa = PBXTargetDependency;
			target = 2B5EC0882AA34EC900305D14 /* Wallet App */;
			targetProxy = 2B7528092E75B3DB006072C1 /* PBXContainerItemProxy */;
		};
/* End PBXTargetDependency section */

/* Begin PBXVariantGroup section */
		2B5EC0972AA34ECA00305D14 /* LaunchScreen.storyboard */ = {
			isa = PBXVariantGroup;
			children = (
				2B5EC0982AA34ECA00305D14 /* Base */,
			);
			name = LaunchScreen.storyboard;
			sourceTree = "<group>";
		};
/* End PBXVariantGroup section */

/* Begin XCBuildConfiguration section */
		2B5EC09B2AA34ECA00305D14 /* Debug */ = {
			isa = XCBuildConfiguration;
			buildSettings = {
				ALWAYS_SEARCH_USER_PATHS = NO;
				CLANG_ANALYZER_NONNULL = YES;
				CLANG_ANALYZER_NUMBER_OBJECT_CONVERSION = YES_AGGRESSIVE;
				CLANG_CXX_LANGUAGE_STANDARD = "gnu++20";
				CLANG_ENABLE_MODULES = YES;
				CLANG_ENABLE_OBJC_ARC = YES;
				CLANG_ENABLE_OBJC_WEAK = YES;
				CLANG_WARN_BLOCK_CAPTURE_AUTORELEASING = YES;
				CLANG_WARN_BOOL_CONVERSION = YES;
				CLANG_WARN_COMMA = YES;
				CLANG_WARN_CONSTANT_CONVERSION = YES;
				CLANG_WARN_DEPRECATED_OBJC_IMPLEMENTATIONS = YES;
				CLANG_WARN_DIRECT_OBJC_ISA_USAGE = YES_ERROR;
				CLANG_WARN_DOCUMENTATION_COMMENTS = YES;
				CLANG_WARN_EMPTY_BODY = YES;
				CLANG_WARN_ENUM_CONVERSION = YES;
				CLANG_WARN_INFINITE_RECURSION = YES;
				CLANG_WARN_INT_CONVERSION = YES;
				CLANG_WARN_NON_LITERAL_NULL_CONVERSION = YES;
				CLANG_WARN_OBJC_IMPLICIT_RETAIN_SELF = YES;
				CLANG_WARN_OBJC_LITERAL_CONVERSION = YES;
				CLANG_WARN_OBJC_ROOT_CLASS = YES_ERROR;
				CLANG_WARN_QUOTED_INCLUDE_IN_FRAMEWORK_HEADER = YES;
				CLANG_WARN_RANGE_LOOP_ANALYSIS = YES;
				CLANG_WARN_STRICT_PROTOTYPES = YES;
				CLANG_WARN_SUSPICIOUS_MOVE = YES;
				CLANG_WARN_UNGUARDED_AVAILABILITY = YES_AGGRESSIVE;
				CLANG_WARN_UNREACHABLE_CODE = YES;
				CLANG_WARN__DUPLICATE_METHOD_MATCH = YES;
				COPY_PHASE_STRIP = NO;
				DEBUG_INFORMATION_FORMAT = dwarf;
				ENABLE_STRICT_OBJC_MSGSEND = YES;
				ENABLE_TESTABILITY = YES;
				GCC_C_LANGUAGE_STANDARD = gnu11;
				GCC_DYNAMIC_NO_PIC = NO;
				GCC_NO_COMMON_BLOCKS = YES;
				GCC_OPTIMIZATION_LEVEL = 0;
				GCC_PREPROCESSOR_DEFINITIONS = (
					"DEBUG=1",
					"$(inherited)",
				);
				GCC_WARN_64_TO_32_BIT_CONVERSION = YES;
				GCC_WARN_ABOUT_RETURN_TYPE = YES_ERROR;
				GCC_WARN_UNDECLARED_SELECTOR = YES;
				GCC_WARN_UNINITIALIZED_AUTOS = YES_AGGRESSIVE;
				GCC_WARN_UNUSED_FUNCTION = YES;
				GCC_WARN_UNUSED_VARIABLE = YES;
				IPHONEOS_DEPLOYMENT_TARGET = 16.4;
				MTL_ENABLE_DEBUG_INFO = INCLUDE_SOURCE;
				MTL_FAST_MATH = YES;
				ONLY_ACTIVE_ARCH = YES;
				SDKROOT = iphoneos;
				SWIFT_ACTIVE_COMPILATION_CONDITIONS = DEBUG;
				SWIFT_EMIT_LOC_STRINGS = YES;
				SWIFT_OPTIMIZATION_LEVEL = "-Onone";
			};
			name = Debug;
		};
		2B5EC09C2AA34ECA00305D14 /* Release */ = {
			isa = XCBuildConfiguration;
			buildSettings = {
				ALWAYS_SEARCH_USER_PATHS = NO;
				CLANG_ANALYZER_NONNULL = YES;
				CLANG_ANALYZER_NUMBER_OBJECT_CONVERSION = YES_AGGRESSIVE;
				CLANG_CXX_LANGUAGE_STANDARD = "gnu++20";
				CLANG_ENABLE_MODULES = YES;
				CLANG_ENABLE_OBJC_ARC = YES;
				CLANG_ENABLE_OBJC_WEAK = YES;
				CLANG_WARN_BLOCK_CAPTURE_AUTORELEASING = YES;
				CLANG_WARN_BOOL_CONVERSION = YES;
				CLANG_WARN_COMMA = YES;
				CLANG_WARN_CONSTANT_CONVERSION = YES;
				CLANG_WARN_DEPRECATED_OBJC_IMPLEMENTATIONS = YES;
				CLANG_WARN_DIRECT_OBJC_ISA_USAGE = YES_ERROR;
				CLANG_WARN_DOCUMENTATION_COMMENTS = YES;
				CLANG_WARN_EMPTY_BODY = YES;
				CLANG_WARN_ENUM_CONVERSION = YES;
				CLANG_WARN_INFINITE_RECURSION = YES;
				CLANG_WARN_INT_CONVERSION = YES;
				CLANG_WARN_NON_LITERAL_NULL_CONVERSION = YES;
				CLANG_WARN_OBJC_IMPLICIT_RETAIN_SELF = YES;
				CLANG_WARN_OBJC_LITERAL_CONVERSION = YES;
				CLANG_WARN_OBJC_ROOT_CLASS = YES_ERROR;
				CLANG_WARN_QUOTED_INCLUDE_IN_FRAMEWORK_HEADER = YES;
				CLANG_WARN_RANGE_LOOP_ANALYSIS = YES;
				CLANG_WARN_STRICT_PROTOTYPES = YES;
				CLANG_WARN_SUSPICIOUS_MOVE = YES;
				CLANG_WARN_UNGUARDED_AVAILABILITY = YES_AGGRESSIVE;
				CLANG_WARN_UNREACHABLE_CODE = YES;
				CLANG_WARN__DUPLICATE_METHOD_MATCH = YES;
				COPY_PHASE_STRIP = NO;
				DEBUG_INFORMATION_FORMAT = "dwarf-with-dsym";
				ENABLE_NS_ASSERTIONS = NO;
				ENABLE_STRICT_OBJC_MSGSEND = YES;
				GCC_C_LANGUAGE_STANDARD = gnu11;
				GCC_NO_COMMON_BLOCKS = YES;
				GCC_WARN_64_TO_32_BIT_CONVERSION = YES;
				GCC_WARN_ABOUT_RETURN_TYPE = YES_ERROR;
				GCC_WARN_UNDECLARED_SELECTOR = YES;
				GCC_WARN_UNINITIALIZED_AUTOS = YES_AGGRESSIVE;
				GCC_WARN_UNUSED_FUNCTION = YES;
				GCC_WARN_UNUSED_VARIABLE = YES;
				IPHONEOS_DEPLOYMENT_TARGET = 16.4;
				MTL_ENABLE_DEBUG_INFO = NO;
				MTL_FAST_MATH = YES;
				SDKROOT = iphoneos;
				SWIFT_COMPILATION_MODE = wholemodule;
				SWIFT_EMIT_LOC_STRINGS = YES;
				SWIFT_OPTIMIZATION_LEVEL = "-O";
				VALIDATE_PRODUCT = YES;
			};
			name = Release;
		};
		2B5EC09E2AA34ECA00305D14 /* Debug */ = {
			isa = XCBuildConfiguration;
			buildSettings = {
				ASSETCATALOG_COMPILER_APPICON_NAME = AppIcon;
				ASSETCATALOG_COMPILER_GLOBAL_ACCENT_COLOR_NAME = AccentColor;
				CODE_SIGN_STYLE = Automatic;
				CURRENT_PROJECT_VERSION = 1;
				GENERATE_INFOPLIST_FILE = YES;
				INFOPLIST_FILE = "Wallet App/Resources/Info.plist";
				INFOPLIST_KEY_UIApplicationSupportsIndirectInputEvents = YES;
				INFOPLIST_KEY_UILaunchStoryboardName = LaunchScreen;
				INFOPLIST_KEY_UISupportedInterfaceOrientations = UIInterfaceOrientationPortrait;
				INFOPLIST_KEY_UISupportedInterfaceOrientations_iPad = "UIInterfaceOrientationLandscapeLeft UIInterfaceOrientationLandscapeRight UIInterfaceOrientationPortrait UIInterfaceOrientationPortraitUpsideDown";
				IPHONEOS_DEPLOYMENT_TARGET = 17.6;
				LD_RUNPATH_SEARCH_PATHS = (
					"$(inherited)",
					"@executable_path/Frameworks",
				);
				MARKETING_VERSION = 1.0;
				PRODUCT_BUNDLE_IDENTIFIER = "-2.Wallet-App";
				PRODUCT_NAME = "$(TARGET_NAME)";
				SUPPORTED_PLATFORMS = "iphoneos iphonesimulator";
				SUPPORTS_MACCATALYST = NO;
				SUPPORTS_MAC_DESIGNED_FOR_IPHONE_IPAD = NO;
				SWIFT_EMIT_LOC_STRINGS = YES;
				SWIFT_VERSION = 5.0;
				TARGETED_DEVICE_FAMILY = 1;
			};
			name = Debug;
		};
		2B5EC09F2AA34ECA00305D14 /* Release */ = {
			isa = XCBuildConfiguration;
			buildSettings = {
				ASSETCATALOG_COMPILER_APPICON_NAME = AppIcon;
				ASSETCATALOG_COMPILER_GLOBAL_ACCENT_COLOR_NAME = AccentColor;
				CODE_SIGN_STYLE = Automatic;
				CURRENT_PROJECT_VERSION = 1;
				GENERATE_INFOPLIST_FILE = YES;
				INFOPLIST_FILE = "Wallet App/Resources/Info.plist";
				INFOPLIST_KEY_UIApplicationSupportsIndirectInputEvents = YES;
				INFOPLIST_KEY_UILaunchStoryboardName = LaunchScreen;
				INFOPLIST_KEY_UISupportedInterfaceOrientations = UIInterfaceOrientationPortrait;
				INFOPLIST_KEY_UISupportedInterfaceOrientations_iPad = "UIInterfaceOrientationLandscapeLeft UIInterfaceOrientationLandscapeRight UIInterfaceOrientationPortrait UIInterfaceOrientationPortraitUpsideDown";
				IPHONEOS_DEPLOYMENT_TARGET = 17.6;
				LD_RUNPATH_SEARCH_PATHS = (
					"$(inherited)",
					"@executable_path/Frameworks",
				);
				MARKETING_VERSION = 1.0;
				PRODUCT_BUNDLE_IDENTIFIER = "-2.Wallet-App";
				PRODUCT_NAME = "$(TARGET_NAME)";
				SUPPORTED_PLATFORMS = "iphoneos iphonesimulator";
				SUPPORTS_MACCATALYST = NO;
				SUPPORTS_MAC_DESIGNED_FOR_IPHONE_IPAD = NO;
				SWIFT_EMIT_LOC_STRINGS = YES;
				SWIFT_VERSION = 5.0;
				TARGETED_DEVICE_FAMILY = 1;
			};
			name = Release;
		};
		2B75280B2E75B3DB006072C1 /* Debug */ = {
			isa = XCBuildConfiguration;
			buildSettings = {
				ASSETCATALOG_COMPILER_GENERATE_SWIFT_ASSET_SYMBOL_EXTENSIONS = YES;
				BUNDLE_LOADER = "$(TEST_HOST)";
				CLANG_ENABLE_MODULES = YES;
				CODE_SIGN_STYLE = Automatic;
				CURRENT_PROJECT_VERSION = 1;
				ENABLE_USER_SCRIPT_SANDBOXING = YES;
				GCC_C_LANGUAGE_STANDARD = gnu17;
				GENERATE_INFOPLIST_FILE = YES;
				IPHONEOS_DEPLOYMENT_TARGET = 18.2;
				LOCALIZATION_PREFERS_STRING_CATALOGS = YES;
				MARKETING_VERSION = 1.0;
				PRODUCT_BUNDLE_IDENTIFIER = "-2.WalletAppTests";
				PRODUCT_NAME = "$(TARGET_NAME)";
				SWIFT_ACTIVE_COMPILATION_CONDITIONS = "DEBUG $(inherited)";
				SWIFT_EMIT_LOC_STRINGS = NO;
				SWIFT_OPTIMIZATION_LEVEL = "-Onone";
				SWIFT_VERSION = 5.0;
				TARGETED_DEVICE_FAMILY = "1,2";
				TEST_HOST = "$(BUILT_PRODUCTS_DIR)/Wallet App.app/$(BUNDLE_EXECUTABLE_FOLDER_PATH)/Wallet App";
			};
			name = Debug;
		};
		2B75280C2E75B3DB006072C1 /* Release */ = {
			isa = XCBuildConfiguration;
			buildSettings = {
				ASSETCATALOG_COMPILER_GENERATE_SWIFT_ASSET_SYMBOL_EXTENSIONS = YES;
				BUNDLE_LOADER = "$(TEST_HOST)";
				CLANG_ENABLE_MODULES = YES;
				CODE_SIGN_STYLE = Automatic;
				CURRENT_PROJECT_VERSION = 1;
				ENABLE_USER_SCRIPT_SANDBOXING = YES;
				GCC_C_LANGUAGE_STANDARD = gnu17;
				GENERATE_INFOPLIST_FILE = YES;
				IPHONEOS_DEPLOYMENT_TARGET = 18.2;
				LOCALIZATION_PREFERS_STRING_CATALOGS = YES;
				MARKETING_VERSION = 1.0;
				PRODUCT_BUNDLE_IDENTIFIER = "-2.WalletAppTests";
				PRODUCT_NAME = "$(TARGET_NAME)";
				SWIFT_EMIT_LOC_STRINGS = NO;
				SWIFT_VERSION = 5.0;
				TARGETED_DEVICE_FAMILY = "1,2";
				TEST_HOST = "$(BUILT_PRODUCTS_DIR)/Wallet App.app/$(BUNDLE_EXECUTABLE_FOLDER_PATH)/Wallet App";
			};
			name = Release;
		};
/* End XCBuildConfiguration section */

/* Begin XCConfigurationList section */
		2B5EC0842AA34EC900305D14 /* Build configuration list for PBXProject "Wallet App" */ = {
			isa = XCConfigurationList;
			buildConfigurations = (
				2B5EC09B2AA34ECA00305D14 /* Debug */,
				2B5EC09C2AA34ECA00305D14 /* Release */,
			);
			defaultConfigurationIsVisible = 0;
			defaultConfigurationName = Release;
		};
		2B5EC09D2AA34ECA00305D14 /* Build configuration list for PBXNativeTarget "Wallet App" */ = {
			isa = XCConfigurationList;
			buildConfigurations = (
				2B5EC09E2AA34ECA00305D14 /* Debug */,
				2B5EC09F2AA34ECA00305D14 /* Release */,
			);
			defaultConfigurationIsVisible = 0;
			defaultConfigurationName = Release;
		};
		2B75280D2E75B3DB006072C1 /* Build configuration list for PBXNativeTarget "WalletAppTests" */ = {
			isa = XCConfigurationList;
			buildConfigurations = (
				2B75280B2E75B3DB006072C1 /* Debug */,
				2B75280C2E75B3DB006072C1 /* Release */,
			);
			defaultConfigurationIsVisible = 0;
			defaultConfigurationName = Release;
		};
/* End XCConfigurationList section */
	};
	rootObject = 2B5EC0812AA34EC900305D14 /* Project object */;
}
